// !$*UTF8*$!
{
	archiveVersion = 1;
	classes = {
	};
	objectVersion = 48;
	objects = {

/* Begin PBXBuildFile section */
		966E0A001F9EFCCE00ED94E3 /* AppDelegate.m in Sources */ = {isa = PBXBuildFile; fileRef = 966E09FF1F9EFCCE00ED94E3 /* AppDelegate.m */; };
		966E0A031F9EFCCE00ED94E3 /* ViewController.m in Sources */ = {isa = PBXBuildFile; fileRef = 966E0A021F9EFCCE00ED94E3 /* ViewController.m */; };
		966E0A061F9EFCCE00ED94E3 /* Main.storyboard in Resources */ = {isa = PBXBuildFile; fileRef = 966E0A041F9EFCCE00ED94E3 /* Main.storyboard */; };
		966E0A081F9EFCCE00ED94E3 /* Assets.xcassets in Resources */ = {isa = PBXBuildFile; fileRef = 966E0A071F9EFCCE00ED94E3 /* Assets.xcassets */; };
		966E0A0B1F9EFCCE00ED94E3 /* LaunchScreen.storyboard in Resources */ = {isa = PBXBuildFile; fileRef = 966E0A091F9EFCCE00ED94E3 /* LaunchScreen.storyboard */; };
		966E0A0E1F9EFCCE00ED94E3 /* main.m in Sources */ = {isa = PBXBuildFile; fileRef = 966E0A0D1F9EFCCE00ED94E3 /* main.m */; };
		966E0A161F9EFDD900ED94E3 /* NSVideoPlayerViewController.m in Sources */ = {isa = PBXBuildFile; fileRef = 966E0A151F9EFDD900ED94E3 /* NSVideoPlayerViewController.m */; };
		966E0A191F9EFFC700ED94E3 /* NSPlayerView.m in Sources */ = {isa = PBXBuildFile; fileRef = 966E0A181F9EFFC700ED94E3 /* NSPlayerView.m */; };
		9680631E1FA1DF5800B2CC96 /* Reachability.m in Sources */ = {isa = PBXBuildFile; fileRef = 9680631D1FA1DF5800B2CC96 /* Reachability.m */; };
/* End PBXBuildFile section */

/* Begin PBXFileReference section */
		966E09FB1F9EFCCE00ED94E3 /* NSVideoPlayer.app */ = {isa = PBXFileReference; explicitFileType = wrapper.application; includeInIndex = 0; path = NSVideoPlayer.app; sourceTree = BUILT_PRODUCTS_DIR; };
		966E09FE1F9EFCCE00ED94E3 /* AppDelegate.h */ = {isa = PBXFileReference; lastKnownFileType = sourcecode.c.h; path = AppDelegate.h; sourceTree = "<group>"; };
		966E09FF1F9EFCCE00ED94E3 /* AppDelegate.m */ = {isa = PBXFileReference; lastKnownFileType = sourcecode.c.objc; path = AppDelegate.m; sourceTree = "<group>"; };
		966E0A011F9EFCCE00ED94E3 /* ViewController.h */ = {isa = PBXFileReference; lastKnownFileType = sourcecode.c.h; path = ViewController.h; sourceTree = "<group>"; };
		966E0A021F9EFCCE00ED94E3 /* ViewController.m */ = {isa = PBXFileReference; lastKnownFileType = sourcecode.c.objc; path = ViewController.m; sourceTree = "<group>"; };
		966E0A051F9EFCCE00ED94E3 /* Base */ = {isa = PBXFileReference; lastKnownFileType = file.storyboard; name = Base; path = Base.lproj/Main.storyboard; sourceTree = "<group>"; };
		966E0A071F9EFCCE00ED94E3 /* Assets.xcassets */ = {isa = PBXFileReference; lastKnownFileType = folder.assetcatalog; path = Assets.xcassets; sourceTree = "<group>"; };
		966E0A0A1F9EFCCE00ED94E3 /* Base */ = {isa = PBXFileReference; lastKnownFileType = file.storyboard; name = Base; path = Base.lproj/LaunchScreen.storyboard; sourceTree = "<group>"; };
		966E0A0C1F9EFCCE00ED94E3 /* Info.plist */ = {isa = PBXFileReference; lastKnownFileType = text.plist.xml; path = Info.plist; sourceTree = "<group>"; };
		966E0A0D1F9EFCCE00ED94E3 /* main.m */ = {isa = PBXFileReference; lastKnownFileType = sourcecode.c.objc; path = main.m; sourceTree = "<group>"; };
		966E0A141F9EFDD900ED94E3 /* NSVideoPlayerViewController.h */ = {isa = PBXFileReference; lastKnownFileType = sourcecode.c.h; path = NSVideoPlayerViewController.h; sourceTree = "<group>"; };
		966E0A151F9EFDD900ED94E3 /* NSVideoPlayerViewController.m */ = {isa = PBXFileReference; lastKnownFileType = sourcecode.c.objc; path = NSVideoPlayerViewController.m; sourceTree = "<group>"; };
		966E0A171F9EFFC700ED94E3 /* NSPlayerView.h */ = {isa = PBXFileReference; lastKnownFileType = sourcecode.c.h; path = NSPlayerView.h; sourceTree = "<group>"; };
		966E0A181F9EFFC700ED94E3 /* NSPlayerView.m */ = {isa = PBXFileReference; lastKnownFileType = sourcecode.c.objc; path = NSPlayerView.m; sourceTree = "<group>"; };
		9680631C1FA1DF5800B2CC96 /* Reachability.h */ = {isa = PBXFileReference; lastKnownFileType = sourcecode.c.h; path = Reachability.h; sourceTree = "<group>"; };
		9680631D1FA1DF5800B2CC96 /* Reachability.m */ = {isa = PBXFileReference; lastKnownFileType = sourcecode.c.objc; path = Reachability.m; sourceTree = "<group>"; };
/* End PBXFileReference section */

/* Begin PBXFrameworksBuildPhase section */
		966E09F81F9EFCCE00ED94E3 /* Frameworks */ = {
			isa = PBXFrameworksBuildPhase;
			buildActionMask = 2147483647;
			files = (
			);
			runOnlyForDeploymentPostprocessing = 0;
		};
/* End PBXFrameworksBuildPhase section */

/* Begin PBXGroup section */
		966E09F21F9EFCCE00ED94E3 = {
			isa = PBXGroup;
			children = (
				966E09FD1F9EFCCE00ED94E3 /* NSVideoPlayer */,
				966E09FC1F9EFCCE00ED94E3 /* Products */,
			);
			sourceTree = "<group>";
		};
		966E09FC1F9EFCCE00ED94E3 /* Products */ = {
			isa = PBXGroup;
			children = (
				966E09FB1F9EFCCE00ED94E3 /* NSVideoPlayer.app */,
			);
			name = Products;
			sourceTree = "<group>";
		};
		966E09FD1F9EFCCE00ED94E3 /* NSVideoPlayer */ = {
			isa = PBXGroup;
			children = (
				966E09FE1F9EFCCE00ED94E3 /* AppDelegate.h */,
				966E09FF1F9EFCCE00ED94E3 /* AppDelegate.m */,
				96762E9A1FA05A2E006EC5F8 /* NSVideoPlayerVC */,
				966E0A011F9EFCCE00ED94E3 /* ViewController.h */,
				966E0A021F9EFCCE00ED94E3 /* ViewController.m */,
				966E0A041F9EFCCE00ED94E3 /* Main.storyboard */,
				966E0A071F9EFCCE00ED94E3 /* Assets.xcassets */,
				966E0A091F9EFCCE00ED94E3 /* LaunchScreen.storyboard */,
				966E0A0C1F9EFCCE00ED94E3 /* Info.plist */,
				966E0A0D1F9EFCCE00ED94E3 /* main.m */,
			);
			path = NSVideoPlayer;
			sourceTree = "<group>";
		};
		96762E9A1FA05A2E006EC5F8 /* NSVideoPlayerVC */ = {
			isa = PBXGroup;
			children = (
				9680631C1FA1DF5800B2CC96 /* Reachability.h */,
				9680631D1FA1DF5800B2CC96 /* Reachability.m */,
				966E0A181F9EFFC700ED94E3 /* NSPlayerView.m */,
				966E0A171F9EFFC700ED94E3 /* NSPlayerView.h */,
				966E0A141F9EFDD900ED94E3 /* NSVideoPlayerViewController.h */,
				966E0A151F9EFDD900ED94E3 /* NSVideoPlayerViewController.m */,
			);
			path = NSVideoPlayerVC;
			sourceTree = "<group>";
		};
/* End PBXGroup section */

/* Begin PBXNativeTarget section */
		966E09FA1F9EFCCE00ED94E3 /* NSVideoPlayer */ = {
			isa = PBXNativeTarget;
			buildConfigurationList = 966E0A111F9EFCCE00ED94E3 /* Build configuration list for PBXNativeTarget "NSVideoPlayer" */;
			buildPhases = (
				966E09F71F9EFCCE00ED94E3 /* Sources */,
				966E09F81F9EFCCE00ED94E3 /* Frameworks */,
				966E09F91F9EFCCE00ED94E3 /* Resources */,
			);
			buildRules = (
			);
			dependencies = (
			);
			name = NSVideoPlayer;
			productName = NSVideoPlayer;
			productReference = 966E09FB1F9EFCCE00ED94E3 /* NSVideoPlayer.app */;
			productType = "com.apple.product-type.application";
		};
/* End PBXNativeTarget section */

/* Begin PBXProject section */
		966E09F31F9EFCCE00ED94E3 /* Project object */ = {
			isa = PBXProject;
			attributes = {
				LastUpgradeCheck = 0900;
				ORGANIZATIONNAME = "Steve JobsOne";
				TargetAttributes = {
					966E09FA1F9EFCCE00ED94E3 = {
						CreatedOnToolsVersion = 9.0;
						ProvisioningStyle = Automatic;
					};
				};
			};
			buildConfigurationList = 966E09F61F9EFCCE00ED94E3 /* Build configuration list for PBXProject "NSVideoPlayer" */;
			compatibilityVersion = "Xcode 8.0";
			developmentRegion = en;
			hasScannedForEncodings = 0;
			knownRegions = (
				en,
				Base,
			);
			mainGroup = 966E09F21F9EFCCE00ED94E3;
			productRefGroup = 966E09FC1F9EFCCE00ED94E3 /* Products */;
			projectDirPath = "";
			projectRoot = "";
			targets = (
				966E09FA1F9EFCCE00ED94E3 /* NSVideoPlayer */,
			);
		};
/* End PBXProject section */

/* Begin PBXResourcesBuildPhase section */
		966E09F91F9EFCCE00ED94E3 /* Resources */ = {
			isa = PBXResourcesBuildPhase;
			buildActionMask = 2147483647;
			files = (
				966E0A0B1F9EFCCE00ED94E3 /* LaunchScreen.storyboard in Resources */,
				966E0A081F9EFCCE00ED94E3 /* Assets.xcassets in Resources */,
				966E0A061F9EFCCE00ED94E3 /* Main.storyboard in Resources */,
			);
			runOnlyForDeploymentPostprocessing = 0;
		};
/* End PBXResourcesBuildPhase section */

/* Begin PBXSourcesBuildPhase section */
		966E09F71F9EFCCE00ED94E3 /* Sources */ = {
			isa = PBXSourcesBuildPhase;
			buildActionMask = 2147483647;
			files = (
				966E0A161F9EFDD900ED94E3 /* NSVideoPlayerViewController.m in Sources */,
				966E0A031F9EFCCE00ED94E3 /* ViewController.m in Sources */,
				966E0A191F9EFFC700ED94E3 /* NSPlayerView.m in Sources */,
				966E0A0E1F9EFCCE00ED94E3 /* main.m in Sources */,
				9680631E1FA1DF5800B2CC96 /* Reachability.m in Sources */,
				966E0A001F9EFCCE00ED94E3 /* AppDelegate.m in Sources */,
			);
			runOnlyForDeploymentPostprocessing = 0;
		};
/* End PBXSourcesBuildPhase section */

/* Begin PBXVariantGroup section */
		966E0A041F9EFCCE00ED94E3 /* Main.storyboard */ = {
			isa = PBXVariantGroup;
			children = (
				966E0A051F9EFCCE00ED94E3 /* Base */,
			);
			name = Main.storyboard;
			sourceTree = "<group>";
		};
		966E0A091F9EFCCE00ED94E3 /* LaunchScreen.storyboard */ = {
			isa = PBXVariantGroup;
			children = (
				966E0A0A1F9EFCCE00ED94E3 /* Base */,
			);
			name = LaunchScreen.storyboard;
			sourceTree = "<group>";
		};
/* End PBXVariantGroup section */

/* Begin XCBuildConfiguration section */
		966E0A0F1F9EFCCE00ED94E3 /* Debug */ = {
			isa = XCBuildConfiguration;
			buildSettings = {
				ALWAYS_SEARCH_USER_PATHS = NO;
				CLANG_ANALYZER_NONNULL = YES;
				CLANG_ANALYZER_NUMBER_OBJECT_CONVERSION = YES_AGGRESSIVE;
				CLANG_CXX_LANGUAGE_STANDARD = "gnu++14";
				CLANG_CXX_LIBRARY = "libc++";
				CLANG_ENABLE_MODULES = YES;
				CLANG_ENABLE_OBJC_ARC = YES;
				CLANG_WARN_BLOCK_CAPTURE_AUTORELEASING = YES;
				CLANG_WARN_BOOL_CONVERSION = YES;
				CLANG_WARN_COMMA = YES;
				CLANG_WARN_CONSTANT_CONVERSION = YES;
				CLANG_WARN_DIRECT_OBJC_ISA_USAGE = YES_ERROR;
				CLANG_WARN_DOCUMENTATION_COMMENTS = YES;
				CLANG_WARN_EMPTY_BODY = YES;
				CLANG_WARN_ENUM_CONVERSION = YES;
				CLANG_WARN_INFINITE_RECURSION = YES;
				CLANG_WARN_INT_CONVERSION = YES;
				CLANG_WARN_NON_LITERAL_NULL_CONVERSION = YES;
				CLANG_WARN_OBJC_LITERAL_CONVERSION = YES;
				CLANG_WARN_OBJC_ROOT_CLASS = YES_ERROR;
				CLANG_WARN_RANGE_LOOP_ANALYSIS = YES;
				CLANG_WARN_STRICT_PROTOTYPES = YES;
				CLANG_WARN_SUSPICIOUS_MOVE = YES;
				CLANG_WARN_UNGUARDED_AVAILABILITY = YES_AGGRESSIVE;
				CLANG_WARN_UNREACHABLE_CODE = YES;
				CLANG_WARN__DUPLICATE_METHOD_MATCH = YES;
				CODE_SIGN_IDENTITY = "iPhone Developer";
				COPY_PHASE_STRIP = NO;
				DEBUG_INFORMATION_FORMAT = dwarf;
				ENABLE_STRICT_OBJC_MSGSEND = YES;
				ENABLE_TESTABILITY = YES;
				GCC_C_LANGUAGE_STANDARD = gnu11;
				GCC_DYNAMIC_NO_PIC = NO;
				GCC_NO_COMMON_BLOCKS = YES;
				GCC_OPTIMIZATION_LEVEL = 0;
				GCC_PREPROCESSOR_DEFINITIONS = (
					"DEBUG=1",
					"$(inherited)",
				);
				GCC_WARN_64_TO_32_BIT_CONVERSION = YES;
				GCC_WARN_ABOUT_RETURN_TYPE = YES_ERROR;
				GCC_WARN_UNDECLARED_SELECTOR = YES;
				GCC_WARN_UNINITIALIZED_AUTOS = YES_AGGRESSIVE;
				GCC_WARN_UNUSED_FUNCTION = YES;
				GCC_WARN_UNUSED_VARIABLE = YES;
				IPHONEOS_DEPLOYMENT_TARGET = 11.0;
				MTL_ENABLE_DEBUG_INFO = YES;
				ONLY_ACTIVE_ARCH = YES;
				SDKROOT = iphoneos;
			};
			name = Debug;
		};
		966E0A101F9EFCCE00ED94E3 /* Release */ = {
			isa = XCBuildConfiguration;
			buildSettings = {
				ALWAYS_SEARCH_USER_PATHS = NO;
				CLANG_ANALYZER_NONNULL = YES;
				CLANG_ANALYZER_NUMBER_OBJECT_CONVERSION = YES_AGGRESSIVE;
				CLANG_CXX_LANGUAGE_STANDARD = "gnu++14";
				CLANG_CXX_LIBRARY = "libc++";
				CLANG_ENABLE_MODULES = YES;
				CLANG_ENABLE_OBJC_ARC = YES;
				CLANG_WARN_BLOCK_CAPTURE_AUTORELEASING = YES;
				CLANG_WARN_BOOL_CONVERSION = YES;
				CLANG_WARN_COMMA = YES;
				CLANG_WARN_CONSTANT_CONVERSION = YES;
				CLANG_WARN_DIRECT_OBJC_ISA_USAGE = YES_ERROR;
				CLANG_WARN_DOCUMENTATION_COMMENTS = YES;
				CLANG_WARN_EMPTY_BODY = YES;
				CLANG_WARN_ENUM_CONVERSION = YES;
				CLANG_WARN_INFINITE_RECURSION = YES;
				CLANG_WARN_INT_CONVERSION = YES;
				CLANG_WARN_NON_LITERAL_NULL_CONVERSION = YES;
				CLANG_WARN_OBJC_LITERAL_CONVERSION = YES;
				CLANG_WARN_OBJC_ROOT_CLASS = YES_ERROR;
				CLANG_WARN_RANGE_LOOP_ANALYSIS = YES;
				CLANG_WARN_STRICT_PROTOTYPES = YES;
				CLANG_WARN_SUSPICIOUS_MOVE = YES;
				CLANG_WARN_UNGUARDED_AVAILABILITY = YES_AGGRESSIVE;
				CLANG_WARN_UNREACHABLE_CODE = YES;
				CLANG_WARN__DUPLICATE_METHOD_MATCH = YES;
				CODE_SIGN_IDENTITY = "iPhone Developer";
				COPY_PHASE_STRIP = NO;
				DEBUG_INFORMATION_FORMAT = "dwarf-with-dsym";
				ENABLE_NS_ASSERTIONS = NO;
				ENABLE_STRICT_OBJC_MSGSEND = YES;
				GCC_C_LANGUAGE_STANDARD = gnu11;
				GCC_NO_COMMON_BLOCKS = YES;
				GCC_WARN_64_TO_32_BIT_CONVERSION = YES;
				GCC_WARN_ABOUT_RETURN_TYPE = YES_ERROR;
				GCC_WARN_UNDECLARED_SELECTOR = YES;
				GCC_WARN_UNINITIALIZED_AUTOS = YES_AGGRESSIVE;
				GCC_WARN_UNUSED_FUNCTION = YES;
				GCC_WARN_UNUSED_VARIABLE = YES;
				IPHONEOS_DEPLOYMENT_TARGET = 11.0;
				MTL_ENABLE_DEBUG_INFO = NO;
				SDKROOT = iphoneos;
				VALIDATE_PRODUCT = YES;
			};
			name = Release;
		};
		966E0A121F9EFCCE00ED94E3 /* Debug */ = {
			isa = XCBuildConfiguration;
			buildSettings = {
				ASSETCATALOG_COMPILER_APPICON_NAME = AppIcon;
				CODE_SIGN_STYLE = Automatic;
				DEVELOPMENT_TEAM = 429CSS9779;
				INFOPLIST_FILE = NSVideoPlayer/Info.plist;
				IPHONEOS_DEPLOYMENT_TARGET = 10.1;
				LD_RUNPATH_SEARCH_PATHS = "$(inherited) @executable_path/Frameworks";
				PRODUCT_BUNDLE_IDENTIFIER = com.mobioapp.NSVideoPlayer;
				PRODUCT_NAME = "$(TARGET_NAME)";
				TARGETED_DEVICE_FAMILY = "1,2";
			};
			name = Debug;
		};
		966E0A131F9EFCCE00ED94E3 /* Release */ = {
			isa = XCBuildConfiguration;
			buildSettings = {
				ASSETCATALOG_COMPILER_APPICON_NAME = AppIcon;
				CODE_SIGN_STYLE = Automatic;
				DEVELOPMENT_TEAM = 429CSS9779;
				INFOPLIST_FILE = NSVideoPlayer/Info.plist;
				IPHONEOS_DEPLOYMENT_TARGET = 10.1;
				LD_RUNPATH_SEARCH_PATHS = "$(inherited) @executable_path/Frameworks";
				PRODUCT_BUNDLE_IDENTIFIER = com.mobioapp.NSVideoPlayer;
				PRODUCT_NAME = "$(TARGET_NAME)";
				TARGETED_DEVICE_FAMILY = "1,2";
			};
			name = Release;
		};
/* End XCBuildConfiguration section */

/* Begin XCConfigurationList section */
		966E09F61F9EFCCE00ED94E3 /* Build configuration list for PBXProject "NSVideoPlayer" */ = {
			isa = XCConfigurationList;
			buildConfigurations = (
				966E0A0F1F9EFCCE00ED94E3 /* Debug */,
				966E0A101F9EFCCE00ED94E3 /* Release */,
			);
			defaultConfigurationIsVisible = 0;
			defaultConfigurationName = Release;
		};
		966E0A111F9EFCCE00ED94E3 /* Build configuration list for PBXNativeTarget "NSVideoPlayer" */ = {
			isa = XCConfigurationList;
			buildConfigurations = (
				966E0A121F9EFCCE00ED94E3 /* Debug */,
				966E0A131F9EFCCE00ED94E3 /* Release */,
			);
			defaultConfigurationIsVisible = 0;
			defaultConfigurationName = Release;
		};
/* End XCConfigurationList section */
	};
	rootObject = 966E09F31F9EFCCE00ED94E3 /* Project object */;
}
